
Microsoft Visual Studio Solution File, Format Version 12.00
# Visual Studio Version 17
VisualStudioVersion = 17.5.33627.172
MinimumVisualStudioVersion = 10.0.40219.1
Project("{FAE04EC0-301F-11D3-BF4B-00C04F79EFBC}") = "Storage_shoes", "Storage_shoes.csproj", "{EB54A76F-5868-40F6-8335-42A964697CEA}"
EndProject
Global
	GlobalSection(SolutionConfigurationPlatforms) = preSolution
		Debug|Any CPU = Debug|Any CPU
		Release|Any CPU = Release|Any CPU
	EndGlobalSection
	GlobalSection(ProjectConfigurationPlatforms) = postSolution
		{EB54A76F-5868-40F6-8335-42A964697CEA}.Debug|Any CPU.ActiveCfg = Debug|Any CPU
		{EB54A76F-5868-40F6-8335-42A964697CEA}.Debug|Any CPU.Build.0 = Debug|Any CPU
		{EB54A76F-5868-40F6-8335-42A964697CEA}.Release|Any CPU.ActiveCfg = Release|Any CPU
		{EB54A76F-5868-40F6-8335-42A964697CEA}.Release|Any CPU.Build.0 = Release|Any CPU
	EndGlobalSection
	GlobalSection(SolutionProperties) = preSolution
		HideSolutionNode = FALSE
	EndGlobalSection
	GlobalSection(ExtensibilityGlobals) = postSolution
		SolutionGuid = {7A623021-F7ED-487D-B648-FD9A4C8B2595}
	EndGlobalSection
EndGlobal
